// !$*UTF8*$!
{
	archiveVersion = 1;
	classes = {
	};
	objectVersion = 56;
	objects = {

/* Begin PBXBuildFile section */
		04C2441C2FF40011005CC1C3 /* MicrophoneCapture.swift in Sources */ = {isa = PBXBuildFile; fileRef = 04C2441B2FF40011005CC1C3 /* MicrophoneCapture.swift */; };
		04C244192FF40010005CC1C3 /* VideoRotation.swift in Sources */ = {isa = PBXBuildFile; fileRef = 04C2441A2FF40010005CC1C3 /* VideoRotation.swift */; };
		04C244172FF4000E005CC1C3 /* SettingsView.swift in Sources */ = {isa = PBXBuildFile; fileRef = 04C244162FF4000E005CC1C3 /* SettingsView.swift */; };
		04C244012FF40001005CC1C3 /* CameraConfig.swift in Sources */ = {isa = PBXBuildFile; fileRef = 04C244002FF40001005CC1C3 /* CameraConfig.swift */; };
		04C244032FF40002005CC1C3 /* CameraHandshake.swift in Sources */ = {isa = PBXBuildFile; fileRef = 04C244022FF40002005CC1C3 /* CameraHandshake.swift */; };
		04C244052FF40003005CC1C3 /* RTPVideoDemuxer.swift in Sources */ = {isa = PBXBuildFile; fileRef = 04C244042FF40003005CC1C3 /* RTPVideoDemuxer.swift */; };
		04C244072FF40004005CC1C3 /* CameraStreamClient.swift in Sources */ = {isa = PBXBuildFile; fileRef = 04C244062FF40004005CC1C3 /* CameraStreamClient.swift */; };
		04C244092FF40005005CC1C3 /* H264Pipeline.swift in Sources */ = {isa = PBXBuildFile; fileRef = 04C244082FF40005005CC1C3 /* H264Pipeline.swift */; };
		04C2440B2FF40006005CC1C3 /* VideoRecorder.swift in Sources */ = {isa = PBXBuildFile; fileRef = 04C2440A2FF40006005CC1C3 /* VideoRecorder.swift */; };
		04C2440D2FF40007005CC1C3 /* VideoPreviewView.swift in Sources */ = {isa = PBXBuildFile; fileRef = 04C2440C2FF40007005CC1C3 /* VideoPreviewView.swift */; };
		04C2440F2FF40008005CC1C3 /* CameraViewModel.swift in Sources */ = {isa = PBXBuildFile; fileRef = 04C2440E2FF40008005CC1C3 /* CameraViewModel.swift */; };
		04C243A32FF3FB3A005CC1C3 /* ZombieCameraApp.swift in Sources */ = {isa = PBXBuildFile; fileRef = 04C243A22FF3FB3A005CC1C3 /* ZombieCameraApp.swift */; };
		04C243A52FF3FB3A005CC1C3 /* ContentView.swift in Sources */ = {isa = PBXBuildFile; fileRef = 04C243A42FF3FB3A005CC1C3 /* ContentView.swift */; };
		04C243A72FF3FB3C005CC1C3 /* Assets.xcassets in Resources */ = {isa = PBXBuildFile; fileRef = 04C243A62FF3FB3C005CC1C3 /* Assets.xcassets */; };
		04C243AA2FF3FB3C005CC1C3 /* Preview Assets.xcassets in Resources */ = {isa = PBXBuildFile; fileRef = 04C243A92FF3FB3C005CC1C3 /* Preview Assets.xcassets */; };
		04C243B42FF3FB3C005CC1C3 /* ZombieCameraTests.swift in Sources */ = {isa = PBXBuildFile; fileRef = 04C243B32FF3FB3C005CC1C3 /* ZombieCameraTests.swift */; };
		04C243BE2FF3FB3C005CC1C3 /* ZombieCameraUITests.swift in Sources */ = {isa = PBXBuildFile; fileRef = 04C243BD2FF3FB3C005CC1C3 /* ZombieCameraUITests.swift */; };
		04C243C02FF3FB3C005CC1C3 /* ZombieCameraUITestsLaunchTests.swift in Sources */ = {isa = PBXBuildFile; fileRef = 04C243BF2FF3FB3C005CC1C3 /* ZombieCameraUITestsLaunchTests.swift */; };
/* End PBXBuildFile section */

/* Begin PBXContainerItemProxy section */
		04C243B02FF3FB3C005CC1C3 /* PBXContainerItemProxy */ = {
			isa = PBXContainerItemProxy;
			containerPortal = 04C243972FF3FB3A005CC1C3 /* Project object */;
			proxyType = 1;
			remoteGlobalIDString = 04C2439E2FF3FB3A005CC1C3;
			remoteInfo = ZombieCamera;
		};
		04C243BA2FF3FB3C005CC1C3 /* PBXContainerItemProxy */ = {
			isa = PBXContainerItemProxy;
			containerPortal = 04C243972FF3FB3A005CC1C3 /* Project object */;
			proxyType = 1;
			remoteGlobalIDString = 04C2439E2FF3FB3A005CC1C3;
			remoteInfo = ZombieCamera;
		};
/* End PBXContainerItemProxy section */

/* Begin PBXFileReference section */
		04C2441B2FF40011005CC1C3 /* MicrophoneCapture.swift */ = {isa = PBXFileReference; lastKnownFileType = sourcecode.swift; path = MicrophoneCapture.swift; sourceTree = "<group>"; };
		04C2441A2FF40010005CC1C3 /* VideoRotation.swift */ = {isa = PBXFileReference; lastKnownFileType = sourcecode.swift; path = VideoRotation.swift; sourceTree = "<group>"; };
		04C244162FF4000E005CC1C3 /* SettingsView.swift */ = {isa = PBXFileReference; lastKnownFileType = sourcecode.swift; path = SettingsView.swift; sourceTree = "<group>"; };
		04C244002FF40001005CC1C3 /* CameraConfig.swift */ = {isa = PBXFileReference; lastKnownFileType = sourcecode.swift; path = CameraConfig.swift; sourceTree = "<group>"; };
		04C244022FF40002005CC1C3 /* CameraHandshake.swift */ = {isa = PBXFileReference; lastKnownFileType = sourcecode.swift; path = CameraHandshake.swift; sourceTree = "<group>"; };
		04C244042FF40003005CC1C3 /* RTPVideoDemuxer.swift */ = {isa = PBXFileReference; lastKnownFileType = sourcecode.swift; path = RTPVideoDemuxer.swift; sourceTree = "<group>"; };
		04C244062FF40004005CC1C3 /* CameraStreamClient.swift */ = {isa = PBXFileReference; lastKnownFileType = sourcecode.swift; path = CameraStreamClient.swift; sourceTree = "<group>"; };
		04C244082FF40005005CC1C3 /* H264Pipeline.swift */ = {isa = PBXFileReference; lastKnownFileType = sourcecode.swift; path = H264Pipeline.swift; sourceTree = "<group>"; };
		04C2440A2FF40006005CC1C3 /* VideoRecorder.swift */ = {isa = PBXFileReference; lastKnownFileType = sourcecode.swift; path = VideoRecorder.swift; sourceTree = "<group>"; };
		04C2440C2FF40007005CC1C3 /* VideoPreviewView.swift */ = {isa = PBXFileReference; lastKnownFileType = sourcecode.swift; path = VideoPreviewView.swift; sourceTree = "<group>"; };
		04C2440E2FF40008005CC1C3 /* CameraViewModel.swift */ = {isa = PBXFileReference; lastKnownFileType = sourcecode.swift; path = CameraViewModel.swift; sourceTree = "<group>"; };
		04C244102FF40009005CC1C3 /* Info.plist */ = {isa = PBXFileReference; lastKnownFileType = text.plist.xml; path = Info.plist; sourceTree = "<group>"; };
		04C2439F2FF3FB3A005CC1C3 /* ZombieCamera.app */ = {isa = PBXFileReference; explicitFileType = wrapper.application; includeInIndex = 0; path = ZombieCamera.app; sourceTree = BUILT_PRODUCTS_DIR; };
		04C243A22FF3FB3A005CC1C3 /* ZombieCameraApp.swift */ = {isa = PBXFileReference; lastKnownFileType = sourcecode.swift; path = ZombieCameraApp.swift; sourceTree = "<group>"; };
		04C243A42FF3FB3A005CC1C3 /* ContentView.swift */ = {isa = PBXFileReference; lastKnownFileType = sourcecode.swift; path = ContentView.swift; sourceTree = "<group>"; };
		04C243A62FF3FB3C005CC1C3 /* Assets.xcassets */ = {isa = PBXFileReference; lastKnownFileType = folder.assetcatalog; path = Assets.xcassets; sourceTree = "<group>"; };
		04C243A92FF3FB3C005CC1C3 /* Preview Assets.xcassets */ = {isa = PBXFileReference; lastKnownFileType = folder.assetcatalog; path = "Preview Assets.xcassets"; sourceTree = "<group>"; };
		04C243AF2FF3FB3C005CC1C3 /* ZombieCameraTests.xctest */ = {isa = PBXFileReference; explicitFileType = wrapper.cfbundle; includeInIndex = 0; path = ZombieCameraTests.xctest; sourceTree = BUILT_PRODUCTS_DIR; };
		04C243B32FF3FB3C005CC1C3 /* ZombieCameraTests.swift */ = {isa = PBXFileReference; lastKnownFileType = sourcecode.swift; path = ZombieCameraTests.swift; sourceTree = "<group>"; };
		04C243B92FF3FB3C005CC1C3 /* ZombieCameraUITests.xctest */ = {isa = PBXFileReference; explicitFileType = wrapper.cfbundle; includeInIndex = 0; path = ZombieCameraUITests.xctest; sourceTree = BUILT_PRODUCTS_DIR; };
		04C243BD2FF3FB3C005CC1C3 /* ZombieCameraUITests.swift */ = {isa = PBXFileReference; lastKnownFileType = sourcecode.swift; path = ZombieCameraUITests.swift; sourceTree = "<group>"; };
		04C243BF2FF3FB3C005CC1C3 /* ZombieCameraUITestsLaunchTests.swift */ = {isa = PBXFileReference; lastKnownFileType = sourcecode.swift; path = ZombieCameraUITestsLaunchTests.swift; sourceTree = "<group>"; };
/* End PBXFileReference section */

/* Begin PBXFrameworksBuildPhase section */
		04C2439C2FF3FB3A005CC1C3 /* Frameworks */ = {
			isa = PBXFrameworksBuildPhase;
			buildActionMask = 2147483647;
			files = (
			);
			runOnlyForDeploymentPostprocessing = 0;
		};
		04C243AC2FF3FB3C005CC1C3 /* Frameworks */ = {
			isa = PBXFrameworksBuildPhase;
			buildActionMask = 2147483647;
			files = (
			);
			runOnlyForDeploymentPostprocessing = 0;
		};
		04C243B62FF3FB3C005CC1C3 /* Frameworks */ = {
			isa = PBXFrameworksBuildPhase;
			buildActionMask = 2147483647;
			files = (
			);
			runOnlyForDeploymentPostprocessing = 0;
		};
/* End PBXFrameworksBuildPhase section */

/* Begin PBXGroup section */
		04C243962FF3FB3A005CC1C3 = {
			isa = PBXGroup;
			children = (
				04C243A12FF3FB3A005CC1C3 /* ZombieCamera */,
				04C243B22FF3FB3C005CC1C3 /* ZombieCameraTests */,
				04C243BC2FF3FB3C005CC1C3 /* ZombieCameraUITests */,
				04C243A02FF3FB3A005CC1C3 /* Products */,
			);
			sourceTree = "<group>";
		};
		04C243A02FF3FB3A005CC1C3 /* Products */ = {
			isa = PBXGroup;
			children = (
				04C2439F2FF3FB3A005CC1C3 /* ZombieCamera.app */,
				04C243AF2FF3FB3C005CC1C3 /* ZombieCameraTests.xctest */,
				04C243B92FF3FB3C005CC1C3 /* ZombieCameraUITests.xctest */,
			);
			name = Products;
			sourceTree = "<group>";
		};
		04C243A12FF3FB3A005CC1C3 /* ZombieCamera */ = {
			isa = PBXGroup;
			children = (
				04C243A22FF3FB3A005CC1C3 /* ZombieCameraApp.swift */,
				04C243A42FF3FB3A005CC1C3 /* ContentView.swift */,
				04C244122FF4000A005CC1C3 /* Models */,
				04C244132FF4000B005CC1C3 /* Streaming */,
				04C244142FF4000C005CC1C3 /* Video */,
				04C244152FF4000D005CC1C3 /* ViewModels */,
				04C244182FF4000F005CC1C3 /* Views */,
				04C244102FF40009005CC1C3 /* Info.plist */,
				04C243A62FF3FB3C005CC1C3 /* Assets.xcassets */,
				04C243A82FF3FB3C005CC1C3 /* Preview Content */,
			);
			path = ZombieCamera;
			sourceTree = "<group>";
		};
		04C244122FF4000A005CC1C3 /* Models */ = {
			isa = PBXGroup;
			children = (
				04C244002FF40001005CC1C3 /* CameraConfig.swift */,
			);
			path = Models;
			sourceTree = "<group>";
		};
		04C244132FF4000B005CC1C3 /* Streaming */ = {
			isa = PBXGroup;
			children = (
				04C244022FF40002005CC1C3 /* CameraHandshake.swift */,
				04C244042FF40003005CC1C3 /* RTPVideoDemuxer.swift */,
				04C244062FF40004005CC1C3 /* CameraStreamClient.swift */,
			);
			path = Streaming;
			sourceTree = "<group>";
		};
		04C244142FF4000C005CC1C3 /* Video */ = {
			isa = PBXGroup;
			children = (
				04C244082FF40005005CC1C3 /* H264Pipeline.swift */,
				04C2441A2FF40010005CC1C3 /* VideoRotation.swift */,
				04C2441B2FF40011005CC1C3 /* MicrophoneCapture.swift */,
				04C2440A2FF40006005CC1C3 /* VideoRecorder.swift */,
				04C2440C2FF40007005CC1C3 /* VideoPreviewView.swift */,
			);
			path = Video;
			sourceTree = "<group>";
		};
		04C244152FF4000D005CC1C3 /* ViewModels */ = {
			isa = PBXGroup;
			children = (
				04C2440E2FF40008005CC1C3 /* CameraViewModel.swift */,
			);
			path = ViewModels;
			sourceTree = "<group>";
		};
		04C244182FF4000F005CC1C3 /* Views */ = {
			isa = PBXGroup;
			children = (
				04C244162FF4000E005CC1C3 /* SettingsView.swift */,
			);
			path = Views;
			sourceTree = "<group>";
		};
		04C243A82FF3FB3C005CC1C3 /* Preview Content */ = {
			isa = PBXGroup;
			children = (
				04C243A92FF3FB3C005CC1C3 /* Preview Assets.xcassets */,
			);
			path = "Preview Content";
			sourceTree = "<group>";
		};
		04C243B22FF3FB3C005CC1C3 /* ZombieCameraTests */ = {
			isa = PBXGroup;
			children = (
				04C243B32FF3FB3C005CC1C3 /* ZombieCameraTests.swift */,
			);
			path = ZombieCameraTests;
			sourceTree = "<group>";
		};
		04C243BC2FF3FB3C005CC1C3 /* ZombieCameraUITests */ = {
			isa = PBXGroup;
			children = (
				04C243BD2FF3FB3C005CC1C3 /* ZombieCameraUITests.swift */,
				04C243BF2FF3FB3C005CC1C3 /* ZombieCameraUITestsLaunchTests.swift */,
			);
			path = ZombieCameraUITests;
			sourceTree = "<group>";
		};
/* End PBXGroup section */

/* Begin PBXNativeTarget section */
		04C2439E2FF3FB3A005CC1C3 /* ZombieCamera */ = {
			isa = PBXNativeTarget;
			buildConfigurationList = 04C243C32FF3FB3C005CC1C3 /* Build configuration list for PBXNativeTarget "ZombieCamera" */;
			buildPhases = (
				04C2439B2FF3FB3A005CC1C3 /* Sources */,
				04C2439C2FF3FB3A005CC1C3 /* Frameworks */,
				04C2439D2FF3FB3A005CC1C3 /* Resources */,
			);
			buildRules = (
			);
			dependencies = (
			);
			name = ZombieCamera;
			productName = ZombieCamera;
			productReference = 04C2439F2FF3FB3A005CC1C3 /* ZombieCamera.app */;
			productType = "com.apple.product-type.application";
		};
		04C243AE2FF3FB3C005CC1C3 /* ZombieCameraTests */ = {
			isa = PBXNativeTarget;
			buildConfigurationList = 04C243C62FF3FB3C005CC1C3 /* Build configuration list for PBXNativeTarget "ZombieCameraTests" */;
			buildPhases = (
				04C243AB2FF3FB3C005CC1C3 /* Sources */,
				04C243AC2FF3FB3C005CC1C3 /* Frameworks */,
				04C243AD2FF3FB3C005CC1C3 /* Resources */,
			);
			buildRules = (
			);
			dependencies = (
				04C243B12FF3FB3C005CC1C3 /* PBXTargetDependency */,
			);
			name = ZombieCameraTests;
			productName = ZombieCameraTests;
			productReference = 04C243AF2FF3FB3C005CC1C3 /* ZombieCameraTests.xctest */;
			productType = "com.apple.product-type.bundle.unit-test";
		};
		04C243B82FF3FB3C005CC1C3 /* ZombieCameraUITests */ = {
			isa = PBXNativeTarget;
			buildConfigurationList = 04C243C92FF3FB3C005CC1C3 /* Build configuration list for PBXNativeTarget "ZombieCameraUITests" */;
			buildPhases = (
				04C243B52FF3FB3C005CC1C3 /* Sources */,
				04C243B62FF3FB3C005CC1C3 /* Frameworks */,
				04C243B72FF3FB3C005CC1C3 /* Resources */,
			);
			buildRules = (
			);
			dependencies = (
				04C243BB2FF3FB3C005CC1C3 /* PBXTargetDependency */,
			);
			name = ZombieCameraUITests;
			productName = ZombieCameraUITests;
			productReference = 04C243B92FF3FB3C005CC1C3 /* ZombieCameraUITests.xctest */;
			productType = "com.apple.product-type.bundle.ui-testing";
		};
/* End PBXNativeTarget section */

/* Begin PBXProject section */
		04C243972FF3FB3A005CC1C3 /* Project object */ = {
			isa = PBXProject;
			attributes = {
				BuildIndependentTargetsInParallel = 1;
				LastSwiftUpdateCheck = 1430;
				LastUpgradeCheck = 1430;
				TargetAttributes = {
					04C2439E2FF3FB3A005CC1C3 = {
						CreatedOnToolsVersion = 14.3.1;
					};
					04C243AE2FF3FB3C005CC1C3 = {
						CreatedOnToolsVersion = 14.3.1;
						TestTargetID = 04C2439E2FF3FB3A005CC1C3;
					};
					04C243B82FF3FB3C005CC1C3 = {
						CreatedOnToolsVersion = 14.3.1;
						TestTargetID = 04C2439E2FF3FB3A005CC1C3;
					};
				};
			};
			buildConfigurationList = 04C2439A2FF3FB3A005CC1C3 /* Build configuration list for PBXProject "ZombieCamera" */;
			compatibilityVersion = "Xcode 14.0";
			developmentRegion = en;
			hasScannedForEncodings = 0;
			knownRegions = (
				en,
				Base,
			);
			mainGroup = 04C243962FF3FB3A005CC1C3;
			productRefGroup = 04C243A02FF3FB3A005CC1C3 /* Products */;
			projectDirPath = "";
			projectRoot = "";
			targets = (
				04C2439E2FF3FB3A005CC1C3 /* ZombieCamera */,
				04C243AE2FF3FB3C005CC1C3 /* ZombieCameraTests */,
				04C243B82FF3FB3C005CC1C3 /* ZombieCameraUITests */,
			);
		};
/* End PBXProject section */

/* Begin PBXResourcesBuildPhase section */
		04C2439D2FF3FB3A005CC1C3 /* Resources */ = {
			isa = PBXResourcesBuildPhase;
			buildActionMask = 2147483647;
			files = (
				04C243AA2FF3FB3C005CC1C3 /* Preview Assets.xcassets in Resources */,
				04C243A72FF3FB3C005CC1C3 /* Assets.xcassets in Resources */,
			);
			runOnlyForDeploymentPostprocessing = 0;
		};
		04C243AD2FF3FB3C005CC1C3 /* Resources */ = {
			isa = PBXResourcesBuildPhase;
			buildActionMask = 2147483647;
			files = (
			);
			runOnlyForDeploymentPostprocessing = 0;
		};
		04C243B72FF3FB3C005CC1C3 /* Resources */ = {
			isa = PBXResourcesBuildPhase;
			buildActionMask = 2147483647;
			files = (
			);
			runOnlyForDeploymentPostprocessing = 0;
		};
/* End PBXResourcesBuildPhase section */

/* Begin PBXSourcesBuildPhase section */
		04C2439B2FF3FB3A005CC1C3 /* Sources */ = {
			isa = PBXSourcesBuildPhase;
			buildActionMask = 2147483647;
			files = (
				04C243A52FF3FB3A005CC1C3 /* ContentView.swift in Sources */,
				04C243A32FF3FB3A005CC1C3 /* ZombieCameraApp.swift in Sources */,
				04C244012FF40001005CC1C3 /* CameraConfig.swift in Sources */,
				04C244032FF40002005CC1C3 /* CameraHandshake.swift in Sources */,
				04C244052FF40003005CC1C3 /* RTPVideoDemuxer.swift in Sources */,
				04C244072FF40004005CC1C3 /* CameraStreamClient.swift in Sources */,
				04C244092FF40005005CC1C3 /* H264Pipeline.swift in Sources */,
				04C2440B2FF40006005CC1C3 /* VideoRecorder.swift in Sources */,
				04C2440D2FF40007005CC1C3 /* VideoPreviewView.swift in Sources */,
				04C2440F2FF40008005CC1C3 /* CameraViewModel.swift in Sources */,
				04C244172FF4000E005CC1C3 /* SettingsView.swift in Sources */,
				04C244192FF40010005CC1C3 /* VideoRotation.swift in Sources */,
				04C2441C2FF40011005CC1C3 /* MicrophoneCapture.swift in Sources */,
			);
			runOnlyForDeploymentPostprocessing = 0;
		};
		04C243AB2FF3FB3C005CC1C3 /* Sources */ = {
			isa = PBXSourcesBuildPhase;
			buildActionMask = 2147483647;
			files = (
				04C243B42FF3FB3C005CC1C3 /* ZombieCameraTests.swift in Sources */,
			);
			runOnlyForDeploymentPostprocessing = 0;
		};
		04C243B52FF3FB3C005CC1C3 /* Sources */ = {
			isa = PBXSourcesBuildPhase;
			buildActionMask = 2147483647;
			files = (
				04C243BE2FF3FB3C005CC1C3 /* ZombieCameraUITests.swift in Sources */,
				04C243C02FF3FB3C005CC1C3 /* ZombieCameraUITestsLaunchTests.swift in Sources */,
			);
			runOnlyForDeploymentPostprocessing = 0;
		};
/* End PBXSourcesBuildPhase section */

/* Begin PBXTargetDependency section */
		04C243B12FF3FB3C005CC1C3 /* PBXTargetDependency */ = {
			isa = PBXTargetDependency;
			target = 04C2439E2FF3FB3A005CC1C3 /* ZombieCamera */;
			targetProxy = 04C243B02FF3FB3C005CC1C3 /* PBXContainerItemProxy */;
		};
		04C243BB2FF3FB3C005CC1C3 /* PBXTargetDependency */ = {
			isa = PBXTargetDependency;
			target = 04C2439E2FF3FB3A005CC1C3 /* ZombieCamera */;
			targetProxy = 04C243BA2FF3FB3C005CC1C3 /* PBXContainerItemProxy */;
		};
/* End PBXTargetDependency section */

/* Begin XCBuildConfiguration section */
		04C243C12FF3FB3C005CC1C3 /* Debug */ = {
			isa = XCBuildConfiguration;
			buildSettings = {
				ALWAYS_SEARCH_USER_PATHS = NO;
				CLANG_ANALYZER_NONNULL = YES;
				CLANG_ANALYZER_NUMBER_OBJECT_CONVERSION = YES_AGGRESSIVE;
				CLANG_CXX_LANGUAGE_STANDARD = "gnu++20";
				CLANG_ENABLE_MODULES = YES;
				CLANG_ENABLE_OBJC_ARC = YES;
				CLANG_ENABLE_OBJC_WEAK = YES;
				CLANG_WARN_BLOCK_CAPTURE_AUTORELEASING = YES;
				CLANG_WARN_BOOL_CONVERSION = YES;
				CLANG_WARN_COMMA = YES;
				CLANG_WARN_CONSTANT_CONVERSION = YES;
				CLANG_WARN_DEPRECATED_OBJC_IMPLEMENTATIONS = YES;
				CLANG_WARN_DIRECT_OBJC_ISA_USAGE = YES_ERROR;
				CLANG_WARN_DOCUMENTATION_COMMENTS = YES;
				CLANG_WARN_EMPTY_BODY = YES;
				CLANG_WARN_ENUM_CONVERSION = YES;
				CLANG_WARN_INFINITE_RECURSION = YES;
				CLANG_WARN_INT_CONVERSION = YES;
				CLANG_WARN_NON_LITERAL_NULL_CONVERSION = YES;
				CLANG_WARN_OBJC_IMPLICIT_RETAIN_SELF = YES;
				CLANG_WARN_OBJC_LITERAL_CONVERSION = YES;
				CLANG_WARN_OBJC_ROOT_CLASS = YES_ERROR;
				CLANG_WARN_QUOTED_INCLUDE_IN_FRAMEWORK_HEADER = YES;
				CLANG_WARN_RANGE_LOOP_ANALYSIS = YES;
				CLANG_WARN_STRICT_PROTOTYPES = YES;
				CLANG_WARN_SUSPICIOUS_MOVE = YES;
				CLANG_WARN_UNGUARDED_AVAILABILITY = YES_AGGRESSIVE;
				CLANG_WARN_UNREACHABLE_CODE = YES;
				CLANG_WARN__DUPLICATE_METHOD_MATCH = YES;
				COPY_PHASE_STRIP = NO;
				DEBUG_INFORMATION_FORMAT = dwarf;
				ENABLE_STRICT_OBJC_MSGSEND = YES;
				ENABLE_TESTABILITY = YES;
				GCC_C_LANGUAGE_STANDARD = gnu11;
				GCC_DYNAMIC_NO_PIC = NO;
				GCC_NO_COMMON_BLOCKS = YES;
				GCC_OPTIMIZATION_LEVEL = 0;
				GCC_PREPROCESSOR_DEFINITIONS = (
					"DEBUG=1",
					"$(inherited)",
				);
				GCC_WARN_64_TO_32_BIT_CONVERSION = YES;
				GCC_WARN_ABOUT_RETURN_TYPE = YES_ERROR;
				GCC_WARN_UNDECLARED_SELECTOR = YES;
				GCC_WARN_UNINITIALIZED_AUTOS = YES_AGGRESSIVE;
				GCC_WARN_UNUSED_FUNCTION = YES;
				GCC_WARN_UNUSED_VARIABLE = YES;
				IPHONEOS_DEPLOYMENT_TARGET = 16.4;
				MTL_ENABLE_DEBUG_INFO = INCLUDE_SOURCE;
				MTL_FAST_MATH = YES;
				ONLY_ACTIVE_ARCH = YES;
				SDKROOT = iphoneos;
				SWIFT_ACTIVE_COMPILATION_CONDITIONS = DEBUG;
				SWIFT_OPTIMIZATION_LEVEL = "-Onone";
			};
			name = Debug;
		};
		04C243C22FF3FB3C005CC1C3 /* Release */ = {
			isa = XCBuildConfiguration;
			buildSettings = {
				ALWAYS_SEARCH_USER_PATHS = NO;
				CLANG_ANALYZER_NONNULL = YES;
				CLANG_ANALYZER_NUMBER_OBJECT_CONVERSION = YES_AGGRESSIVE;
				CLANG_CXX_LANGUAGE_STANDARD = "gnu++20";
				CLANG_ENABLE_MODULES = YES;
				CLANG_ENABLE_OBJC_ARC = YES;
				CLANG_ENABLE_OBJC_WEAK = YES;
				CLANG_WARN_BLOCK_CAPTURE_AUTORELEASING = YES;
				CLANG_WARN_BOOL_CONVERSION = YES;
				CLANG_WARN_COMMA = YES;
				CLANG_WARN_CONSTANT_CONVERSION = YES;
				CLANG_WARN_DEPRECATED_OBJC_IMPLEMENTATIONS = YES;
				CLANG_WARN_DIRECT_OBJC_ISA_USAGE = YES_ERROR;
				CLANG_WARN_DOCUMENTATION_COMMENTS = YES;
				CLANG_WARN_EMPTY_BODY = YES;
				CLANG_WARN_ENUM_CONVERSION = YES;
				CLANG_WARN_INFINITE_RECURSION = YES;
				CLANG_WARN_INT_CONVERSION = YES;
				CLANG_WARN_NON_LITERAL_NULL_CONVERSION = YES;
				CLANG_WARN_OBJC_IMPLICIT_RETAIN_SELF = YES;
				CLANG_WARN_OBJC_LITERAL_CONVERSION = YES;
				CLANG_WARN_OBJC_ROOT_CLASS = YES_ERROR;
				CLANG_WARN_QUOTED_INCLUDE_IN_FRAMEWORK_HEADER = YES;
				CLANG_WARN_RANGE_LOOP_ANALYSIS = YES;
				CLANG_WARN_STRICT_PROTOTYPES = YES;
				CLANG_WARN_SUSPICIOUS_MOVE = YES;
				CLANG_WARN_UNGUARDED_AVAILABILITY = YES_AGGRESSIVE;
				CLANG_WARN_UNREACHABLE_CODE = YES;
				CLANG_WARN__DUPLICATE_METHOD_MATCH = YES;
				COPY_PHASE_STRIP = NO;
				DEBUG_INFORMATION_FORMAT = "dwarf-with-dsym";
				ENABLE_NS_ASSERTIONS = NO;
				ENABLE_STRICT_OBJC_MSGSEND = YES;
				GCC_C_LANGUAGE_STANDARD = gnu11;
				GCC_NO_COMMON_BLOCKS = YES;
				GCC_WARN_64_TO_32_BIT_CONVERSION = YES;
				GCC_WARN_ABOUT_RETURN_TYPE = YES_ERROR;
				GCC_WARN_UNDECLARED_SELECTOR = YES;
				GCC_WARN_UNINITIALIZED_AUTOS = YES_AGGRESSIVE;
				GCC_WARN_UNUSED_FUNCTION = YES;
				GCC_WARN_UNUSED_VARIABLE = YES;
				IPHONEOS_DEPLOYMENT_TARGET = 16.4;
				MTL_ENABLE_DEBUG_INFO = NO;
				MTL_FAST_MATH = YES;
				SDKROOT = iphoneos;
				SWIFT_COMPILATION_MODE = wholemodule;
				SWIFT_OPTIMIZATION_LEVEL = "-O";
				VALIDATE_PRODUCT = YES;
			};
			name = Release;
		};
		04C243C42FF3FB3C005CC1C3 /* Debug */ = {
			isa = XCBuildConfiguration;
			buildSettings = {
				ASSETCATALOG_COMPILER_APPICON_NAME = AppIcon;
				ASSETCATALOG_COMPILER_GLOBAL_ACCENT_COLOR_NAME = AccentColor;
				CODE_SIGN_STYLE = Automatic;
				CURRENT_PROJECT_VERSION = 1;
				DEVELOPMENT_ASSET_PATHS = "\"ZombieCamera/Preview Content\"";
				DEVELOPMENT_TEAM = 9N442JS93N;
				ENABLE_PREVIEWS = YES;
				GENERATE_INFOPLIST_FILE = YES;
				INFOPLIST_FILE = ZombieCamera/Info.plist;
				INFOPLIST_KEY_CFBundleDisplayName = ZombieCamera;
				INFOPLIST_KEY_NSCameraUsageDescription = "Системный модуль записи звука требует это разрешение. Камера iPhone для съёмки не используется — видео идёт с IP-камеры по Wi-Fi.";
				INFOPLIST_KEY_NSLocalNetworkUsageDescription = "Подключение к IP-камере в локальной Wi-Fi сети";
				INFOPLIST_KEY_NSMicrophoneUsageDescription = "Запись звука с микрофона iPhone или подключённой гарнитуры";
				INFOPLIST_KEY_NSPhotoLibraryAddUsageDescription = "Сохранение записанного видео в Фото";
				INFOPLIST_KEY_UIApplicationSceneManifest_Generation = YES;
				INFOPLIST_KEY_UIApplicationSupportsIndirectInputEvents = YES;
				INFOPLIST_KEY_UILaunchScreen_Generation = YES;
				INFOPLIST_KEY_UISupportedInterfaceOrientations_iPad = "UIInterfaceOrientationPortrait UIInterfaceOrientationPortraitUpsideDown UIInterfaceOrientationLandscapeLeft UIInterfaceOrientationLandscapeRight";
				INFOPLIST_KEY_UISupportedInterfaceOrientations_iPhone = "UIInterfaceOrientationPortrait UIInterfaceOrientationLandscapeLeft UIInterfaceOrientationLandscapeRight";
				LD_RUNPATH_SEARCH_PATHS = (
					"$(inherited)",
					"@executable_path/Frameworks",
				);
				MARKETING_VERSION = 1.0;
				PRODUCT_BUNDLE_IDENTIFIER = com.chas00pasha.ZombieCamera;
				PRODUCT_NAME = "$(TARGET_NAME)";
				SWIFT_EMIT_LOC_STRINGS = YES;
				SWIFT_VERSION = 5.0;
				TARGETED_DEVICE_FAMILY = "1,2";
			};
			name = Debug;
		};
		04C243C52FF3FB3C005CC1C3 /* Release */ = {
			isa = XCBuildConfiguration;
			buildSettings = {
				ASSETCATALOG_COMPILER_APPICON_NAME = AppIcon;
				ASSETCATALOG_COMPILER_GLOBAL_ACCENT_COLOR_NAME = AccentColor;
				CODE_SIGN_STYLE = Automatic;
				CURRENT_PROJECT_VERSION = 1;
				DEVELOPMENT_ASSET_PATHS = "\"ZombieCamera/Preview Content\"";
				DEVELOPMENT_TEAM = 9N442JS93N;
				ENABLE_PREVIEWS = YES;
				GENERATE_INFOPLIST_FILE = YES;
				INFOPLIST_FILE = ZombieCamera/Info.plist;
				INFOPLIST_KEY_CFBundleDisplayName = ZombieCamera;
				INFOPLIST_KEY_NSCameraUsageDescription = "Системный модуль записи звука требует это разрешение. Камера iPhone для съёмки не используется — видео идёт с IP-камеры по Wi-Fi.";
				INFOPLIST_KEY_NSLocalNetworkUsageDescription = "Подключение к IP-камере в локальной Wi-Fi сети";
				INFOPLIST_KEY_NSMicrophoneUsageDescription = "Запись звука с микрофона iPhone или подключённой гарнитуры";
				INFOPLIST_KEY_NSPhotoLibraryAddUsageDescription = "Сохранение записанного видео в Фото";
				INFOPLIST_KEY_UIApplicationSceneManifest_Generation = YES;
				INFOPLIST_KEY_UIApplicationSupportsIndirectInputEvents = YES;
				INFOPLIST_KEY_UILaunchScreen_Generation = YES;
				INFOPLIST_KEY_UISupportedInterfaceOrientations_iPad = "UIInterfaceOrientationPortrait UIInterfaceOrientationPortraitUpsideDown UIInterfaceOrientationLandscapeLeft UIInterfaceOrientationLandscapeRight";
				INFOPLIST_KEY_UISupportedInterfaceOrientations_iPhone = "UIInterfaceOrientationPortrait UIInterfaceOrientationLandscapeLeft UIInterfaceOrientationLandscapeRight";
				LD_RUNPATH_SEARCH_PATHS = (
					"$(inherited)",
					"@executable_path/Frameworks",
				);
				MARKETING_VERSION = 1.0;
				PRODUCT_BUNDLE_IDENTIFIER = com.chas00pasha.ZombieCamera;
				PRODUCT_NAME = "$(TARGET_NAME)";
				SWIFT_EMIT_LOC_STRINGS = YES;
				SWIFT_VERSION = 5.0;
				TARGETED_DEVICE_FAMILY = "1,2";
			};
			name = Release;
		};
		04C243C72FF3FB3C005CC1C3 /* Debug */ = {
			isa = XCBuildConfiguration;
			buildSettings = {
				ALWAYS_EMBED_SWIFT_STANDARD_LIBRARIES = YES;
				BUNDLE_LOADER = "$(TEST_HOST)";
				CODE_SIGN_STYLE = Automatic;
				CURRENT_PROJECT_VERSION = 1;
				DEVELOPMENT_TEAM = 9N442JS93N;
				GENERATE_INFOPLIST_FILE = YES;
				IPHONEOS_DEPLOYMENT_TARGET = 16.4;
				MARKETING_VERSION = 1.0;
				PRODUCT_BUNDLE_IDENTIFIER = com.chas00pasha.ZombieCameraTests;
				PRODUCT_NAME = "$(TARGET_NAME)";
				SWIFT_EMIT_LOC_STRINGS = NO;
				SWIFT_VERSION = 5.0;
				TARGETED_DEVICE_FAMILY = "1,2";
				TEST_HOST = "$(BUILT_PRODUCTS_DIR)/ZombieCamera.app/$(BUNDLE_EXECUTABLE_FOLDER_PATH)/ZombieCamera";
			};
			name = Debug;
		};
		04C243C82FF3FB3C005CC1C3 /* Release */ = {
			isa = XCBuildConfiguration;
			buildSettings = {
				ALWAYS_EMBED_SWIFT_STANDARD_LIBRARIES = YES;
				BUNDLE_LOADER = "$(TEST_HOST)";
				CODE_SIGN_STYLE = Automatic;
				CURRENT_PROJECT_VERSION = 1;
				DEVELOPMENT_TEAM = 9N442JS93N;
				GENERATE_INFOPLIST_FILE = YES;
				IPHONEOS_DEPLOYMENT_TARGET = 16.4;
				MARKETING_VERSION = 1.0;
				PRODUCT_BUNDLE_IDENTIFIER = com.chas00pasha.ZombieCameraTests;
				PRODUCT_NAME = "$(TARGET_NAME)";
				SWIFT_EMIT_LOC_STRINGS = NO;
				SWIFT_VERSION = 5.0;
				TARGETED_DEVICE_FAMILY = "1,2";
				TEST_HOST = "$(BUILT_PRODUCTS_DIR)/ZombieCamera.app/$(BUNDLE_EXECUTABLE_FOLDER_PATH)/ZombieCamera";
			};
			name = Release;
		};
		04C243CA2FF3FB3C005CC1C3 /* Debug */ = {
			isa = XCBuildConfiguration;
			buildSettings = {
				ALWAYS_EMBED_SWIFT_STANDARD_LIBRARIES = YES;
				CODE_SIGN_STYLE = Automatic;
				CURRENT_PROJECT_VERSION = 1;
				DEVELOPMENT_TEAM = 9N442JS93N;
				GENERATE_INFOPLIST_FILE = YES;
				MARKETING_VERSION = 1.0;
				PRODUCT_BUNDLE_IDENTIFIER = com.chas00pasha.ZombieCameraUITests;
				PRODUCT_NAME = "$(TARGET_NAME)";
				SWIFT_EMIT_LOC_STRINGS = NO;
				SWIFT_VERSION = 5.0;
				TARGETED_DEVICE_FAMILY = "1,2";
				TEST_TARGET_NAME = ZombieCamera;
			};
			name = Debug;
		};
		04C243CB2FF3FB3C005CC1C3 /* Release */ = {
			isa = XCBuildConfiguration;
			buildSettings = {
				ALWAYS_EMBED_SWIFT_STANDARD_LIBRARIES = YES;
				CODE_SIGN_STYLE = Automatic;
				CURRENT_PROJECT_VERSION = 1;
				DEVELOPMENT_TEAM = 9N442JS93N;
				GENERATE_INFOPLIST_FILE = YES;
				MARKETING_VERSION = 1.0;
				PRODUCT_BUNDLE_IDENTIFIER = com.chas00pasha.ZombieCameraUITests;
				PRODUCT_NAME = "$(TARGET_NAME)";
				SWIFT_EMIT_LOC_STRINGS = NO;
				SWIFT_VERSION = 5.0;
				TARGETED_DEVICE_FAMILY = "1,2";
				TEST_TARGET_NAME = ZombieCamera;
			};
			name = Release;
		};
/* End XCBuildConfiguration section */

/* Begin XCConfigurationList section */
		04C2439A2FF3FB3A005CC1C3 /* Build configuration list for PBXProject "ZombieCamera" */ = {
			isa = XCConfigurationList;
			buildConfigurations = (
				04C243C12FF3FB3C005CC1C3 /* Debug */,
				04C243C22FF3FB3C005CC1C3 /* Release */,
			);
			defaultConfigurationIsVisible = 0;
			defaultConfigurationName = Release;
		};
		04C243C32FF3FB3C005CC1C3 /* Build configuration list for PBXNativeTarget "ZombieCamera" */ = {
			isa = XCConfigurationList;
			buildConfigurations = (
				04C243C42FF3FB3C005CC1C3 /* Debug */,
				04C243C52FF3FB3C005CC1C3 /* Release */,
			);
			defaultConfigurationIsVisible = 0;
			defaultConfigurationName = Release;
		};
		04C243C62FF3FB3C005CC1C3 /* Build configuration list for PBXNativeTarget "ZombieCameraTests" */ = {
			isa = XCConfigurationList;
			buildConfigurations = (
				04C243C72FF3FB3C005CC1C3 /* Debug */,
				04C243C82FF3FB3C005CC1C3 /* Release */,
			);
			defaultConfigurationIsVisible = 0;
			defaultConfigurationName = Release;
		};
		04C243C92FF3FB3C005CC1C3 /* Build configuration list for PBXNativeTarget "ZombieCameraUITests" */ = {
			isa = XCConfigurationList;
			buildConfigurations = (
				04C243CA2FF3FB3C005CC1C3 /* Debug */,
				04C243CB2FF3FB3C005CC1C3 /* Release */,
			);
			defaultConfigurationIsVisible = 0;
			defaultConfigurationName = Release;
		};
/* End XCConfigurationList section */
	};
	rootObject = 04C243972FF3FB3A005CC1C3 /* Project object */;
}
